{
  "name": "payments-demo-load-tests",
  "version": "1.0.0",
  "lockfileVersion": 2,
  "requires": true,
  "packages": {
    "": {
      "name": "payments-demo-load-tests",
      "version": "1.0.0",
      "license": "ISC",
      "devDependencies": {
        "@types/k6": "^0.46.3"
      }
    },
    "node_modules/@types/k6": {
      "version": "0.46.3",
      "resolved": "https://registry.npmjs.org/@types/k6/-/k6-0.46.3.tgz",
      "integrity": "sha512-mIkpM4flyaavv0GNzKxSFoge9SIIO4JviJ8vN22OZYln99lnPUWB3+i9QFoTsTfYqK+ZbqoDTOPq95SSTdmhJA==",
      "dev": true
    }
  },
  "dependencies": {
    "@types/k6": {
      "version": "0.46.3",
      "resolved": "https://registry.npmjs.org/@types/k6/-/k6-0.46.3.tgz",
      "integrity": "sha512-mIkpM4flyaavv0GNzKxSFoge9SIIO4JviJ8vN22OZYln99lnPUWB3+i9QFoTsTfYqK+ZbqoDTOPq95SSTdmhJA==",
      "dev": true
    }
  }
}
